
Microsoft Visual Studio Solution File, Format Version 12.00
# Visual Studio 15
VisualStudioVersion = 15.0.28307.106
MinimumVisualStudioVersion = 10.0.40219.1
Project("{8BC9CEB8-8B4A-11D0-8D11-00A0C91BC942}") = "Base", "Base\Base.vcxproj", "{DA8A5783-8B88-472D-AB14-4FA9702F3D6B}"
EndProject
Project("{8BC9CEB8-8B4A-11D0-8D11-00A0C91BC942}") = "BaseTest", "BaseTest\BaseTest.vcxproj", "{354256F3-C9A1-49AE-8AC1-40F107212B23}"
EndProject
Project("{8BC9CEB8-8B4A-11D0-8D11-00A0C91BC942}") = "Core", "Core\Core.vcxproj", "{80A1ED35-DAC2-49BD-828A-25BB462E7CB2}"
EndProject
Global
	GlobalSection(SolutionConfigurationPlatforms) = preSolution
		Debug|x64 = Debug|x64
		Debug|x86 = Debug|x86
		Release|x64 = Release|x64
		Release|x86 = Release|x86
	EndGlobalSection
	GlobalSection(ProjectConfigurationPlatforms) = postSolution
		{DA8A5783-8B88-472D-AB14-4FA9702F3D6B}.Debug|x64.ActiveCfg = Debug|x64
		{DA8A5783-8B88-472D-AB14-4FA9702F3D6B}.Debug|x64.Build.0 = Debug|x64
		{DA8A5783-8B88-472D-AB14-4FA9702F3D6B}.Debug|x86.ActiveCfg = Debug|Win32
		{DA8A5783-8B88-472D-AB14-4FA9702F3D6B}.Debug|x86.Build.0 = Debug|Win32
		{DA8A5783-8B88-472D-AB14-4FA9702F3D6B}.Release|x64.ActiveCfg = Release|x64
		{DA8A5783-8B88-472D-AB14-4FA9702F3D6B}.Release|x64.Build.0 = Release|x64
		{DA8A5783-8B88-472D-AB14-4FA9702F3D6B}.Release|x86.ActiveCfg = Release|Win32
		{DA8A5783-8B88-472D-AB14-4FA9702F3D6B}.Release|x86.Build.0 = Release|Win32
		{354256F3-C9A1-49AE-8AC1-40F107212B23}.Debug|x64.ActiveCfg = Debug|x64
		{354256F3-C9A1-49AE-8AC1-40F107212B23}.Debug|x64.Build.0 = Debug|x64
		{354256F3-C9A1-49AE-8AC1-40F107212B23}.Debug|x86.ActiveCfg = Debug|Win32
		{354256F3-C9A1-49AE-8AC1-40F107212B23}.Debug|x86.Build.0 = Debug|Win32
		{354256F3-C9A1-49AE-8AC1-40F107212B23}.Release|x64.ActiveCfg = Release|x64
		{354256F3-C9A1-49AE-8AC1-40F107212B23}.Release|x64.Build.0 = Release|x64
		{354256F3-C9A1-49AE-8AC1-40F107212B23}.Release|x86.ActiveCfg = Release|Win32
		{354256F3-C9A1-49AE-8AC1-40F107212B23}.Release|x86.Build.0 = Release|Win32
		{80A1ED35-DAC2-49BD-828A-25BB462E7CB2}.Debug|x64.ActiveCfg = Debug|x64
		{80A1ED35-DAC2-49BD-828A-25BB462E7CB2}.Debug|x64.Build.0 = Debug|x64
		{80A1ED35-DAC2-49BD-828A-25BB462E7CB2}.Debug|x86.ActiveCfg = Debug|Win32
		{80A1ED35-DAC2-49BD-828A-25BB462E7CB2}.Debug|x86.Build.0 = Debug|Win32
		{80A1ED35-DAC2-49BD-828A-25BB462E7CB2}.Release|x64.ActiveCfg = Release|x64
		{80A1ED35-DAC2-49BD-828A-25BB462E7CB2}.Release|x64.Build.0 = Release|x64
		{80A1ED35-DAC2-49BD-828A-25BB462E7CB2}.Release|x86.ActiveCfg = Release|Win32
		{80A1ED35-DAC2-49BD-828A-25BB462E7CB2}.Release|x86.Build.0 = Release|Win32
	EndGlobalSection
	GlobalSection(SolutionProperties) = preSolution
		HideSolutionNode = FALSE
	EndGlobalSection
	GlobalSection(ExtensibilityGlobals) = postSolution
		SolutionGuid = {8F9AEBE1-70D3-4022-96AA-6423173C5190}
	EndGlobalSection
EndGlobal
